PODS:
  - Alamofire (4.9.1)
  - Kingfisher (5.13.0):
    - Kingfisher/Core (= 5.13.0)
  - Kingfisher/Core (5.13.0)
  - Moya (13.0.1):
    - Moya/Core (= 13.0.1)
  - Moya/Core (13.0.1):
    - Alamofire (~> 4.1)
    - Result (~> 4.1)
  - Realm (4.3.2):
    - Realm/Headers (= 4.3.2)
  - Realm/Headers (4.3.2)
  - RealmSwift (4.3.2):
    - Realm (= 4.3.2)
  - Result (4.1.0)

  - SwiftyMarkdown (1.1.0)
  - UICircularProgressRing (6.5.0)

DEPENDENCIES:
  - Kingfisher (~> 5.0)
  - Moya (~> 13.0)
  - RealmSwift
  - SwiftyMarkdown
  - UICircularProgressRing

SPEC REPOS:
  trunk:
    - Alamofire
    - Kingfisher
    - Moya
    - Realm
    - RealmSwift
    - Result
    - SwiftyMarkdown
    - UICircularProgressRing

SPEC CHECKSUMS:
  Alamofire: 85e8a02c69d6020a0d734f6054870d7ecb75cf18
  Kingfisher: 0d334cada987fcddbe9b5cec516406e1ee9d4748
  Moya: f4a4b80ff2f8a4ffc208dfb31cd91636622fee6e
  Realm: 5e92902e2875dff4bb0fd02f67bb737c3d5db2bc
  RealmSwift: 9a360fc7bae04fc2e308a34fbd899d5faa2d6b22
  Result: bd966fac789cc6c1563440b348ab2598cc24d5c7
  SwiftyMarkdown: 033abc9dad9a37903f81aec5188cade436f40520
  UICircularProgressRing: e6852e8f88e296cbbbe2720cccb55241acda6708
<<<<<<< HEAD
PODFILE CHECKSUM: 4a3e0b496262413e8d0fb9f1a6219d72237d8e11
=======

PODFILE CHECKSUM: 5a2fb9699900f801059bb483163b455897906577
>>>>>>> develop


COCOAPODS: 1.8.4
